{
  "nodes": {
    "nixpkgs": {
      "locked": {
        "lastModified": 1709292790,
        "narHash": "sha256-x1ixQdFSWc7vcCzcm3vdkhBNDpMGyrAJanWAi5IK5Ok=",
        "owner": "NixOS",
        "repo": "nixpkgs",
        "rev": "201eeb4018267d624522019ff47c5afc38ddd4a3",
        "type": "github"
      },
      "original": {
        "owner": "NixOS",
        "repo": "nixpkgs",
        "type": "github"
      }
    },
    "root": {
      "inputs": {
        "nixpkgs": "nixpkgs"
      }
    }
  },
  "root": "root",
  "version": 7
}
